
Microsoft Visual Studio Solution File, Format Version 12.00
# Visual Studio Version 16
VisualStudioVersion = 16.0.31515.178
MinimumVisualStudioVersion = 10.0.40219.1
Project("{FAE04EC0-301F-11D3-BF4B-00C04F79EFBC}") = "WebAPI", "WebAPI\WebAPI.csproj", "{96E18C89-11B1-4BD5-B383-625822BAE501}"
EndProject
Global
	GlobalSection(SolutionConfigurationPlatforms) = preSolution
		Debug|Any CPU = Debug|Any CPU
		Release|Any CPU = Release|Any CPU
	EndGlobalSection
	GlobalSection(ProjectConfigurationPlatforms) = postSolution
		{96E18C89-11B1-4BD5-B383-625822BAE501}.Debug|Any CPU.ActiveCfg = Debug|Any CPU
		{96E18C89-11B1-4BD5-B383-625822BAE501}.Debug|Any CPU.Build.0 = Debug|Any CPU
		{96E18C89-11B1-4BD5-B383-625822BAE501}.Release|Any CPU.ActiveCfg = Release|Any CPU
		{96E18C89-11B1-4BD5-B383-625822BAE501}.Release|Any CPU.Build.0 = Release|Any CPU
	EndGlobalSection
	GlobalSection(SolutionProperties) = preSolution
		HideSolutionNode = FALSE
	EndGlobalSection
	GlobalSection(ExtensibilityGlobals) = postSolution
		SolutionGuid = {7C19B2E5-BD3F-40AF-8B97-8CA2F8EF2E2F}
	EndGlobalSection
EndGlobal
